
Microsoft Visual Studio Solution File, Format Version 12.00
# Visual Studio Version 16
VisualStudioVersion = 16.0.31019.35
MinimumVisualStudioVersion = 10.0.40219.1
Project("{FAE04EC0-301F-11D3-BF4B-00C04F79EFBC}") = "ECOMMERCE_MVC", "ECOMMERCE_MVC\ECOMMERCE_MVC.csproj", "{E777514F-475F-4F46-9EDD-D849FB850351}"
EndProject
Global
	GlobalSection(SolutionConfigurationPlatforms) = preSolution
		Debug|Any CPU = Debug|Any CPU
		Release|Any CPU = Release|Any CPU
	EndGlobalSection
	GlobalSection(ProjectConfigurationPlatforms) = postSolution
		{E777514F-475F-4F46-9EDD-D849FB850351}.Debug|Any CPU.ActiveCfg = Debug|Any CPU
		{E777514F-475F-4F46-9EDD-D849FB850351}.Debug|Any CPU.Build.0 = Debug|Any CPU
		{E777514F-475F-4F46-9EDD-D849FB850351}.Release|Any CPU.ActiveCfg = Release|Any CPU
		{E777514F-475F-4F46-9EDD-D849FB850351}.Release|Any CPU.Build.0 = Release|Any CPU
	EndGlobalSection
	GlobalSection(SolutionProperties) = preSolution
		HideSolutionNode = FALSE
	EndGlobalSection
	GlobalSection(ExtensibilityGlobals) = postSolution
		SolutionGuid = {80478284-9B2A-4B2E-82C6-B50F86CB55C4}
	EndGlobalSection
EndGlobal
